
Microsoft Visual Studio Solution File, Format Version 12.00
# Visual Studio Version 16
VisualStudioVersion = 16.0.31911.196
MinimumVisualStudioVersion = 10.0.40219.1
Project("{FAE04EC0-301F-11D3-BF4B-00C04F79EFBC}") = "RationalLib", "RationalLib\RationalLib.csproj", "{9038A7D5-E2DF-4DF6-AC71-4143C66F0AEA}"
EndProject
Project("{FAE04EC0-301F-11D3-BF4B-00C04F79EFBC}") = "RationalTest", "RationalTest\RationalTest.csproj", "{EF986529-17D1-4104-B82B-C5B874B9288C}"
EndProject
Project("{FAE04EC0-301F-11D3-BF4B-00C04F79EFBC}") = "RationalConsoleApp", "RationalConsoleApp\RationalConsoleApp.csproj", "{4A9944D5-6C97-405A-95B3-A658655F4376}"
EndProject
Global
	GlobalSection(SolutionConfigurationPlatforms) = preSolution
		Debug|Any CPU = Debug|Any CPU
		Release|Any CPU = Release|Any CPU
	EndGlobalSection
	GlobalSection(ProjectConfigurationPlatforms) = postSolution
		{9038A7D5-E2DF-4DF6-AC71-4143C66F0AEA}.Debug|Any CPU.ActiveCfg = Debug|Any CPU
		{9038A7D5-E2DF-4DF6-AC71-4143C66F0AEA}.Debug|Any CPU.Build.0 = Debug|Any CPU
		{9038A7D5-E2DF-4DF6-AC71-4143C66F0AEA}.Release|Any CPU.ActiveCfg = Release|Any CPU
		{9038A7D5-E2DF-4DF6-AC71-4143C66F0AEA}.Release|Any CPU.Build.0 = Release|Any CPU
		{EF986529-17D1-4104-B82B-C5B874B9288C}.Debug|Any CPU.ActiveCfg = Debug|Any CPU
		{EF986529-17D1-4104-B82B-C5B874B9288C}.Debug|Any CPU.Build.0 = Debug|Any CPU
		{EF986529-17D1-4104-B82B-C5B874B9288C}.Release|Any CPU.ActiveCfg = Release|Any CPU
		{EF986529-17D1-4104-B82B-C5B874B9288C}.Release|Any CPU.Build.0 = Release|Any CPU
		{4A9944D5-6C97-405A-95B3-A658655F4376}.Debug|Any CPU.ActiveCfg = Debug|Any CPU
		{4A9944D5-6C97-405A-95B3-A658655F4376}.Debug|Any CPU.Build.0 = Debug|Any CPU
		{4A9944D5-6C97-405A-95B3-A658655F4376}.Release|Any CPU.ActiveCfg = Release|Any CPU
		{4A9944D5-6C97-405A-95B3-A658655F4376}.Release|Any CPU.Build.0 = Release|Any CPU
	EndGlobalSection
	GlobalSection(SolutionProperties) = preSolution
		HideSolutionNode = FALSE
	EndGlobalSection
	GlobalSection(ExtensibilityGlobals) = postSolution
		SolutionGuid = {8882FC52-CA96-47E7-90A2-D0218027E5ED}
	EndGlobalSection
EndGlobal
